// !$*UTF8*$!
{
	archiveVersion = 1;
	classes = {
	};
	objectVersion = 50;
	objects = {

/* Begin PBXBuildFile section */
		A609BDB823EDC4630090B408 /* AppDelegate.swift in Sources */ = {isa = PBXBuildFile; fileRef = A609BDB723EDC4630090B408 /* AppDelegate.swift */; };
		A609BDBA23EDC4630090B408 /* SceneDelegate.swift in Sources */ = {isa = PBXBuildFile; fileRef = A609BDB923EDC4630090B408 /* SceneDelegate.swift */; };
		A609BDBC23EDC4630090B408 /* ViewController.swift in Sources */ = {isa = PBXBuildFile; fileRef = A609BDBB23EDC4630090B408 /* ViewController.swift */; };
		A609BDBF23EDC4630090B408 /* Main.storyboard in Resources */ = {isa = PBXBuildFile; fileRef = A609BDBD23EDC4630090B408 /* Main.storyboard */; };
		A609BDC123EDC4640090B408 /* Assets.xcassets in Resources */ = {isa = PBXBuildFile; fileRef = A609BDC023EDC4640090B408 /* Assets.xcassets */; };
		A609BDC423EDC4640090B408 /* LaunchScreen.storyboard in Resources */ = {isa = PBXBuildFile; fileRef = A609BDC223EDC4640090B408 /* LaunchScreen.storyboard */; };
		A609BDD423EDC88D0090B408 /* ParameterEncoder.swift in Sources */ = {isa = PBXBuildFile; fileRef = A609BDD323EDC88D0090B408 /* ParameterEncoder.swift */; };
		A609BDD723EDC90E0090B408 /* EndPoint.swift in Sources */ = {isa = PBXBuildFile; fileRef = A609BDD623EDC90E0090B408 /* EndPoint.swift */; };
		A609BDD923EDC9320090B408 /* JSONParametersEncoder.swift in Sources */ = {isa = PBXBuildFile; fileRef = A609BDD823EDC9320090B408 /* JSONParametersEncoder.swift */; };
		A609BDDB23EDC9A10090B408 /* URLParameteersEncoder.swift in Sources */ = {isa = PBXBuildFile; fileRef = A609BDDA23EDC9A10090B408 /* URLParameteersEncoder.swift */; };
		A609BDDD23EDCB9A0090B408 /* NetworkRouter.swift in Sources */ = {isa = PBXBuildFile; fileRef = A609BDDC23EDCB9A0090B408 /* NetworkRouter.swift */; };
		A609BDDF23EDCC3C0090B408 /* Router.swift in Sources */ = {isa = PBXBuildFile; fileRef = A609BDDE23EDCC3C0090B408 /* Router.swift */; };
		A609BDE423EF813C0090B408 /* BusinessListProtocols.swift in Sources */ = {isa = PBXBuildFile; fileRef = A609BDE323EF813C0090B408 /* BusinessListProtocols.swift */; };
		A609BDE823EF82E40090B408 /* Business.swift in Sources */ = {isa = PBXBuildFile; fileRef = A609BDE723EF82E40090B408 /* Business.swift */; };
		A609BDEB23EF87EE0090B408 /* Result.swift in Sources */ = {isa = PBXBuildFile; fileRef = A609BDEA23EF87EE0090B408 /* Result.swift */; };
		A609BDED23EF883B0090B408 /* CustomError.swift in Sources */ = {isa = PBXBuildFile; fileRef = A609BDEC23EF883B0090B408 /* CustomError.swift */; };
		A609BDEF23EF8A460090B408 /* BusinessListScenePresenter.swift in Sources */ = {isa = PBXBuildFile; fileRef = A609BDEE23EF8A460090B408 /* BusinessListScenePresenter.swift */; };
		A609BDF123EF8CDB0090B408 /* BusinessListSceneInteractor.swift in Sources */ = {isa = PBXBuildFile; fileRef = A609BDF023EF8CDB0090B408 /* BusinessListSceneInteractor.swift */; };
		A609BDF323EF8E370090B408 /* BusinessListSceneWorker.swift in Sources */ = {isa = PBXBuildFile; fileRef = A609BDF223EF8E370090B408 /* BusinessListSceneWorker.swift */; };
		A609BDF523EF95890090B408 /* BusinessListSceneConfigurator.swift in Sources */ = {isa = PBXBuildFile; fileRef = A609BDF423EF95890090B408 /* BusinessListSceneConfigurator.swift */; };
		A609BDF923EF95B40090B408 /* BusinessListViewController.swift in Sources */ = {isa = PBXBuildFile; fileRef = A609BDF723EF95B40090B408 /* BusinessListViewController.swift */; };
		A609BDFA23EF95B40090B408 /* BusinessListViewController.xib in Resources */ = {isa = PBXBuildFile; fileRef = A609BDF823EF95B40090B408 /* BusinessListViewController.xib */; };
		A609BDFC23EF96070090B408 /* BusinessListSceneRouter.swift in Sources */ = {isa = PBXBuildFile; fileRef = A609BDFB23EF96070090B408 /* BusinessListSceneRouter.swift */; };
/* End PBXBuildFile section */

/* Begin PBXFileReference section */
		A609BDB423EDC4630090B408 /* CallingApp.app */ = {isa = PBXFileReference; explicitFileType = wrapper.application; includeInIndex = 0; path = CallingApp.app; sourceTree = BUILT_PRODUCTS_DIR; };
		A609BDB723EDC4630090B408 /* AppDelegate.swift */ = {isa = PBXFileReference; lastKnownFileType = sourcecode.swift; path = AppDelegate.swift; sourceTree = "<group>"; };
		A609BDB923EDC4630090B408 /* SceneDelegate.swift */ = {isa = PBXFileReference; lastKnownFileType = sourcecode.swift; path = SceneDelegate.swift; sourceTree = "<group>"; };
		A609BDBB23EDC4630090B408 /* ViewController.swift */ = {isa = PBXFileReference; lastKnownFileType = sourcecode.swift; path = ViewController.swift; sourceTree = "<group>"; };
		A609BDBE23EDC4630090B408 /* Base */ = {isa = PBXFileReference; lastKnownFileType = file.storyboard; name = Base; path = Base.lproj/Main.storyboard; sourceTree = "<group>"; };
		A609BDC023EDC4640090B408 /* Assets.xcassets */ = {isa = PBXFileReference; lastKnownFileType = folder.assetcatalog; path = Assets.xcassets; sourceTree = "<group>"; };
		A609BDC323EDC4640090B408 /* Base */ = {isa = PBXFileReference; lastKnownFileType = file.storyboard; name = Base; path = Base.lproj/LaunchScreen.storyboard; sourceTree = "<group>"; };
		A609BDC523EDC4640090B408 /* Info.plist */ = {isa = PBXFileReference; lastKnownFileType = text.plist.xml; path = Info.plist; sourceTree = "<group>"; };
		A609BDD323EDC88D0090B408 /* ParameterEncoder.swift */ = {isa = PBXFileReference; lastKnownFileType = sourcecode.swift; path = ParameterEncoder.swift; sourceTree = "<group>"; };
		A609BDD623EDC90E0090B408 /* EndPoint.swift */ = {isa = PBXFileReference; lastKnownFileType = sourcecode.swift; path = EndPoint.swift; sourceTree = "<group>"; };
		A609BDD823EDC9320090B408 /* JSONParametersEncoder.swift */ = {isa = PBXFileReference; lastKnownFileType = sourcecode.swift; path = JSONParametersEncoder.swift; sourceTree = "<group>"; };
		A609BDDA23EDC9A10090B408 /* URLParameteersEncoder.swift */ = {isa = PBXFileReference; lastKnownFileType = sourcecode.swift; path = URLParameteersEncoder.swift; sourceTree = "<group>"; };
		A609BDDC23EDCB9A0090B408 /* NetworkRouter.swift */ = {isa = PBXFileReference; lastKnownFileType = sourcecode.swift; path = NetworkRouter.swift; sourceTree = "<group>"; };
		A609BDDE23EDCC3C0090B408 /* Router.swift */ = {isa = PBXFileReference; lastKnownFileType = sourcecode.swift; path = Router.swift; sourceTree = "<group>"; };
		A609BDE323EF813C0090B408 /* BusinessListProtocols.swift */ = {isa = PBXFileReference; lastKnownFileType = sourcecode.swift; path = BusinessListProtocols.swift; sourceTree = "<group>"; };
		A609BDE723EF82E40090B408 /* Business.swift */ = {isa = PBXFileReference; lastKnownFileType = sourcecode.swift; path = Business.swift; sourceTree = "<group>"; };
		A609BDEA23EF87EE0090B408 /* Result.swift */ = {isa = PBXFileReference; lastKnownFileType = sourcecode.swift; path = Result.swift; sourceTree = "<group>"; };
		A609BDEC23EF883B0090B408 /* CustomError.swift */ = {isa = PBXFileReference; lastKnownFileType = sourcecode.swift; path = CustomError.swift; sourceTree = "<group>"; };
		A609BDEE23EF8A460090B408 /* BusinessListScenePresenter.swift */ = {isa = PBXFileReference; lastKnownFileType = sourcecode.swift; path = BusinessListScenePresenter.swift; sourceTree = "<group>"; };
		A609BDF023EF8CDB0090B408 /* BusinessListSceneInteractor.swift */ = {isa = PBXFileReference; lastKnownFileType = sourcecode.swift; path = BusinessListSceneInteractor.swift; sourceTree = "<group>"; };
		A609BDF223EF8E370090B408 /* BusinessListSceneWorker.swift */ = {isa = PBXFileReference; lastKnownFileType = sourcecode.swift; path = BusinessListSceneWorker.swift; sourceTree = "<group>"; };
		A609BDF423EF95890090B408 /* BusinessListSceneConfigurator.swift */ = {isa = PBXFileReference; lastKnownFileType = sourcecode.swift; path = BusinessListSceneConfigurator.swift; sourceTree = "<group>"; };
		A609BDF723EF95B40090B408 /* BusinessListViewController.swift */ = {isa = PBXFileReference; lastKnownFileType = sourcecode.swift; path = BusinessListViewController.swift; sourceTree = "<group>"; };
		A609BDF823EF95B40090B408 /* BusinessListViewController.xib */ = {isa = PBXFileReference; lastKnownFileType = file.xib; path = BusinessListViewController.xib; sourceTree = "<group>"; };
		A609BDFB23EF96070090B408 /* BusinessListSceneRouter.swift */ = {isa = PBXFileReference; lastKnownFileType = sourcecode.swift; path = BusinessListSceneRouter.swift; sourceTree = "<group>"; };
/* End PBXFileReference section */

/* Begin PBXFrameworksBuildPhase section */
		A609BDB123EDC4630090B408 /* Frameworks */ = {
			isa = PBXFrameworksBuildPhase;
			buildActionMask = 2147483647;
			files = (
			);
			runOnlyForDeploymentPostprocessing = 0;
		};
/* End PBXFrameworksBuildPhase section */

/* Begin PBXGroup section */
		A609BDAB23EDC4630090B408 = {
			isa = PBXGroup;
			children = (
				A609BDB623EDC4630090B408 /* CallingApp */,
				A609BDB523EDC4630090B408 /* Products */,
			);
			sourceTree = "<group>";
		};
		A609BDB523EDC4630090B408 /* Products */ = {
			isa = PBXGroup;
			children = (
				A609BDB423EDC4630090B408 /* CallingApp.app */,
			);
			name = Products;
			sourceTree = "<group>";
		};
		A609BDB623EDC4630090B408 /* CallingApp */ = {
			isa = PBXGroup;
			children = (
				A609BDE523EF82750090B408 /* Domain */,
				A609BDE023EF7FB20090B408 /* Modules */,
				A609BDD123EDC8720090B408 /* Networking */,
				A609BDB723EDC4630090B408 /* AppDelegate.swift */,
				A609BDB923EDC4630090B408 /* SceneDelegate.swift */,
				A609BDBB23EDC4630090B408 /* ViewController.swift */,
				A609BDBD23EDC4630090B408 /* Main.storyboard */,
				A609BDC023EDC4640090B408 /* Assets.xcassets */,
				A609BDC223EDC4640090B408 /* LaunchScreen.storyboard */,
				A609BDC523EDC4640090B408 /* Info.plist */,
			);
			path = CallingApp;
			sourceTree = "<group>";
		};
		A609BDD123EDC8720090B408 /* Networking */ = {
			isa = PBXGroup;
			children = (
				A609BDD523EDC8EC0090B408 /* Router */,
				A609BDD223EDC87E0090B408 /* Encoding */,
			);
			path = Networking;
			sourceTree = "<group>";
		};
		A609BDD223EDC87E0090B408 /* Encoding */ = {
			isa = PBXGroup;
			children = (
				A609BDD323EDC88D0090B408 /* ParameterEncoder.swift */,
				A609BDD823EDC9320090B408 /* JSONParametersEncoder.swift */,
				A609BDDA23EDC9A10090B408 /* URLParameteersEncoder.swift */,
			);
			path = Encoding;
			sourceTree = "<group>";
		};
		A609BDD523EDC8EC0090B408 /* Router */ = {
			isa = PBXGroup;
			children = (
				A609BDD623EDC90E0090B408 /* EndPoint.swift */,
				A609BDDC23EDCB9A0090B408 /* NetworkRouter.swift */,
				A609BDDE23EDCC3C0090B408 /* Router.swift */,
			);
			path = Router;
			sourceTree = "<group>";
		};
		A609BDE023EF7FB20090B408 /* Modules */ = {
			isa = PBXGroup;
			children = (
				A609BDE223EF80B50090B408 /* Business Info Scene */,
				A609BDE123EF7FC30090B408 /* Business List Scene */,
			);
			path = Modules;
			sourceTree = "<group>";
		};
		A609BDE123EF7FC30090B408 /* Business List Scene */ = {
			isa = PBXGroup;
			children = (
				A609BDF623EF95A10090B408 /* Views */,
				A609BDE323EF813C0090B408 /* BusinessListProtocols.swift */,
				A609BDEE23EF8A460090B408 /* BusinessListScenePresenter.swift */,
				A609BDF023EF8CDB0090B408 /* BusinessListSceneInteractor.swift */,
				A609BDF223EF8E370090B408 /* BusinessListSceneWorker.swift */,
				A609BDF423EF95890090B408 /* BusinessListSceneConfigurator.swift */,
				A609BDFB23EF96070090B408 /* BusinessListSceneRouter.swift */,
			);
			path = "Business List Scene";
			sourceTree = "<group>";
		};
		A609BDE223EF80B50090B408 /* Business Info Scene */ = {
			isa = PBXGroup;
			children = (
			);
			path = "Business Info Scene";
			sourceTree = "<group>";
		};
		A609BDE523EF82750090B408 /* Domain */ = {
			isa = PBXGroup;
			children = (
				A609BDE923EF87E20090B408 /* Utils */,
				A609BDE623EF827F0090B408 /* Entities */,
			);
			path = Domain;
			sourceTree = "<group>";
		};
		A609BDE623EF827F0090B408 /* Entities */ = {
			isa = PBXGroup;
			children = (
				A609BDE723EF82E40090B408 /* Business.swift */,
			);
			path = Entities;
			sourceTree = "<group>";
		};
		A609BDE923EF87E20090B408 /* Utils */ = {
			isa = PBXGroup;
			children = (
				A609BDEA23EF87EE0090B408 /* Result.swift */,
				A609BDEC23EF883B0090B408 /* CustomError.swift */,
			);
			path = Utils;
			sourceTree = "<group>";
		};
		A609BDF623EF95A10090B408 /* Views */ = {
			isa = PBXGroup;
			children = (
				A609BDF723EF95B40090B408 /* BusinessListViewController.swift */,
				A609BDF823EF95B40090B408 /* BusinessListViewController.xib */,
			);
			path = Views;
			sourceTree = "<group>";
		};
/* End PBXGroup section */

/* Begin PBXNativeTarget section */
		A609BDB323EDC4630090B408 /* CallingApp */ = {
			isa = PBXNativeTarget;
			buildConfigurationList = A609BDC823EDC4640090B408 /* Build configuration list for PBXNativeTarget "CallingApp" */;
			buildPhases = (
				A609BDB023EDC4630090B408 /* Sources */,
				A609BDB123EDC4630090B408 /* Frameworks */,
				A609BDB223EDC4630090B408 /* Resources */,
			);
			buildRules = (
			);
			dependencies = (
			);
			name = CallingApp;
			productName = CallingApp;
			productReference = A609BDB423EDC4630090B408 /* CallingApp.app */;
			productType = "com.apple.product-type.application";
		};
/* End PBXNativeTarget section */

/* Begin PBXProject section */
		A609BDAC23EDC4630090B408 /* Project object */ = {
			isa = PBXProject;
			attributes = {
				LastSwiftUpdateCheck = 1130;
				LastUpgradeCheck = 1130;
				ORGANIZATIONNAME = "App Lineup";
				TargetAttributes = {
					A609BDB323EDC4630090B408 = {
						CreatedOnToolsVersion = 11.3.1;
					};
				};
			};
			buildConfigurationList = A609BDAF23EDC4630090B408 /* Build configuration list for PBXProject "CallingApp" */;
			compatibilityVersion = "Xcode 9.3";
			developmentRegion = en;
			hasScannedForEncodings = 0;
			knownRegions = (
				en,
				Base,
			);
			mainGroup = A609BDAB23EDC4630090B408;
			productRefGroup = A609BDB523EDC4630090B408 /* Products */;
			projectDirPath = "";
			projectRoot = "";
			targets = (
				A609BDB323EDC4630090B408 /* CallingApp */,
			);
		};
/* End PBXProject section */

/* Begin PBXResourcesBuildPhase section */
		A609BDB223EDC4630090B408 /* Resources */ = {
			isa = PBXResourcesBuildPhase;
			buildActionMask = 2147483647;
			files = (
				A609BDC423EDC4640090B408 /* LaunchScreen.storyboard in Resources */,
				A609BDC123EDC4640090B408 /* Assets.xcassets in Resources */,
				A609BDFA23EF95B40090B408 /* BusinessListViewController.xib in Resources */,
				A609BDBF23EDC4630090B408 /* Main.storyboard in Resources */,
			);
			runOnlyForDeploymentPostprocessing = 0;
		};
/* End PBXResourcesBuildPhase section */

/* Begin PBXSourcesBuildPhase section */
		A609BDB023EDC4630090B408 /* Sources */ = {
			isa = PBXSourcesBuildPhase;
			buildActionMask = 2147483647;
			files = (
				A609BDF923EF95B40090B408 /* BusinessListViewController.swift in Sources */,
				A609BDD923EDC9320090B408 /* JSONParametersEncoder.swift in Sources */,
				A609BDFC23EF96070090B408 /* BusinessListSceneRouter.swift in Sources */,
				A609BDF123EF8CDB0090B408 /* BusinessListSceneInteractor.swift in Sources */,
				A609BDDD23EDCB9A0090B408 /* NetworkRouter.swift in Sources */,
				A609BDED23EF883B0090B408 /* CustomError.swift in Sources */,
				A609BDBC23EDC4630090B408 /* ViewController.swift in Sources */,
				A609BDB823EDC4630090B408 /* AppDelegate.swift in Sources */,
				A609BDDF23EDCC3C0090B408 /* Router.swift in Sources */,
				A609BDE423EF813C0090B408 /* BusinessListProtocols.swift in Sources */,
				A609BDF323EF8E370090B408 /* BusinessListSceneWorker.swift in Sources */,
				A609BDEB23EF87EE0090B408 /* Result.swift in Sources */,
				A609BDD723EDC90E0090B408 /* EndPoint.swift in Sources */,
				A609BDF523EF95890090B408 /* BusinessListSceneConfigurator.swift in Sources */,
				A609BDDB23EDC9A10090B408 /* URLParameteersEncoder.swift in Sources */,
				A609BDE823EF82E40090B408 /* Business.swift in Sources */,
				A609BDD423EDC88D0090B408 /* ParameterEncoder.swift in Sources */,
				A609BDEF23EF8A460090B408 /* BusinessListScenePresenter.swift in Sources */,
				A609BDBA23EDC4630090B408 /* SceneDelegate.swift in Sources */,
			);
			runOnlyForDeploymentPostprocessing = 0;
		};
/* End PBXSourcesBuildPhase section */

/* Begin PBXVariantGroup section */
		A609BDBD23EDC4630090B408 /* Main.storyboard */ = {
			isa = PBXVariantGroup;
			children = (
				A609BDBE23EDC4630090B408 /* Base */,
			);
			name = Main.storyboard;
			sourceTree = "<group>";
		};
		A609BDC223EDC4640090B408 /* LaunchScreen.storyboard */ = {
			isa = PBXVariantGroup;
			children = (
				A609BDC323EDC4640090B408 /* Base */,
			);
			name = LaunchScreen.storyboard;
			sourceTree = "<group>";
		};
/* End PBXVariantGroup section */

/* Begin XCBuildConfiguration section */
		A609BDC623EDC4640090B408 /* Debug */ = {
			isa = XCBuildConfiguration;
			buildSettings = {
				ALWAYS_SEARCH_USER_PATHS = NO;
				CLANG_ANALYZER_NONNULL = YES;
				CLANG_ANALYZER_NUMBER_OBJECT_CONVERSION = YES_AGGRESSIVE;
				CLANG_CXX_LANGUAGE_STANDARD = "gnu++14";
				CLANG_CXX_LIBRARY = "libc++";
				CLANG_ENABLE_MODULES = YES;
				CLANG_ENABLE_OBJC_ARC = YES;
				CLANG_ENABLE_OBJC_WEAK = YES;
				CLANG_WARN_BLOCK_CAPTURE_AUTORELEASING = YES;
				CLANG_WARN_BOOL_CONVERSION = YES;
				CLANG_WARN_COMMA = YES;
				CLANG_WARN_CONSTANT_CONVERSION = YES;
				CLANG_WARN_DEPRECATED_OBJC_IMPLEMENTATIONS = YES;
				CLANG_WARN_DIRECT_OBJC_ISA_USAGE = YES_ERROR;
				CLANG_WARN_DOCUMENTATION_COMMENTS = YES;
				CLANG_WARN_EMPTY_BODY = YES;
				CLANG_WARN_ENUM_CONVERSION = YES;
				CLANG_WARN_INFINITE_RECURSION = YES;
				CLANG_WARN_INT_CONVERSION = YES;
				CLANG_WARN_NON_LITERAL_NULL_CONVERSION = YES;
				CLANG_WARN_OBJC_IMPLICIT_RETAIN_SELF = YES;
				CLANG_WARN_OBJC_LITERAL_CONVERSION = YES;
				CLANG_WARN_OBJC_ROOT_CLASS = YES_ERROR;
				CLANG_WARN_RANGE_LOOP_ANALYSIS = YES;
				CLANG_WARN_STRICT_PROTOTYPES = YES;
				CLANG_WARN_SUSPICIOUS_MOVE = YES;
				CLANG_WARN_UNGUARDED_AVAILABILITY = YES_AGGRESSIVE;
				CLANG_WARN_UNREACHABLE_CODE = YES;
				CLANG_WARN__DUPLICATE_METHOD_MATCH = YES;
				COPY_PHASE_STRIP = NO;
				DEBUG_INFORMATION_FORMAT = dwarf;
				ENABLE_STRICT_OBJC_MSGSEND = YES;
				ENABLE_TESTABILITY = YES;
				GCC_C_LANGUAGE_STANDARD = gnu11;
				GCC_DYNAMIC_NO_PIC = NO;
				GCC_NO_COMMON_BLOCKS = YES;
				GCC_OPTIMIZATION_LEVEL = 0;
				GCC_PREPROCESSOR_DEFINITIONS = (
					"DEBUG=1",
					"$(inherited)",
				);
				GCC_WARN_64_TO_32_BIT_CONVERSION = YES;
				GCC_WARN_ABOUT_RETURN_TYPE = YES_ERROR;
				GCC_WARN_UNDECLARED_SELECTOR = YES;
				GCC_WARN_UNINITIALIZED_AUTOS = YES_AGGRESSIVE;
				GCC_WARN_UNUSED_FUNCTION = YES;
				GCC_WARN_UNUSED_VARIABLE = YES;
				IPHONEOS_DEPLOYMENT_TARGET = 13.2;
				MTL_ENABLE_DEBUG_INFO = INCLUDE_SOURCE;
				MTL_FAST_MATH = YES;
				ONLY_ACTIVE_ARCH = YES;
				SDKROOT = iphoneos;
				SWIFT_ACTIVE_COMPILATION_CONDITIONS = DEBUG;
				SWIFT_OPTIMIZATION_LEVEL = "-Onone";
			};
			name = Debug;
		};
		A609BDC723EDC4640090B408 /* Release */ = {
			isa = XCBuildConfiguration;
			buildSettings = {
				ALWAYS_SEARCH_USER_PATHS = NO;
				CLANG_ANALYZER_NONNULL = YES;
				CLANG_ANALYZER_NUMBER_OBJECT_CONVERSION = YES_AGGRESSIVE;
				CLANG_CXX_LANGUAGE_STANDARD = "gnu++14";
				CLANG_CXX_LIBRARY = "libc++";
				CLANG_ENABLE_MODULES = YES;
				CLANG_ENABLE_OBJC_ARC = YES;
				CLANG_ENABLE_OBJC_WEAK = YES;
				CLANG_WARN_BLOCK_CAPTURE_AUTORELEASING = YES;
				CLANG_WARN_BOOL_CONVERSION = YES;
				CLANG_WARN_COMMA = YES;
				CLANG_WARN_CONSTANT_CONVERSION = YES;
				CLANG_WARN_DEPRECATED_OBJC_IMPLEMENTATIONS = YES;
				CLANG_WARN_DIRECT_OBJC_ISA_USAGE = YES_ERROR;
				CLANG_WARN_DOCUMENTATION_COMMENTS = YES;
				CLANG_WARN_EMPTY_BODY = YES;
				CLANG_WARN_ENUM_CONVERSION = YES;
				CLANG_WARN_INFINITE_RECURSION = YES;
				CLANG_WARN_INT_CONVERSION = YES;
				CLANG_WARN_NON_LITERAL_NULL_CONVERSION = YES;
				CLANG_WARN_OBJC_IMPLICIT_RETAIN_SELF = YES;
				CLANG_WARN_OBJC_LITERAL_CONVERSION = YES;
				CLANG_WARN_OBJC_ROOT_CLASS = YES_ERROR;
				CLANG_WARN_RANGE_LOOP_ANALYSIS = YES;
				CLANG_WARN_STRICT_PROTOTYPES = YES;
				CLANG_WARN_SUSPICIOUS_MOVE = YES;
				CLANG_WARN_UNGUARDED_AVAILABILITY = YES_AGGRESSIVE;
				CLANG_WARN_UNREACHABLE_CODE = YES;
				CLANG_WARN__DUPLICATE_METHOD_MATCH = YES;
				COPY_PHASE_STRIP = NO;
				DEBUG_INFORMATION_FORMAT = "dwarf-with-dsym";
				ENABLE_NS_ASSERTIONS = NO;
				ENABLE_STRICT_OBJC_MSGSEND = YES;
				GCC_C_LANGUAGE_STANDARD = gnu11;
				GCC_NO_COMMON_BLOCKS = YES;
				GCC_WARN_64_TO_32_BIT_CONVERSION = YES;
				GCC_WARN_ABOUT_RETURN_TYPE = YES_ERROR;
				GCC_WARN_UNDECLARED_SELECTOR = YES;
				GCC_WARN_UNINITIALIZED_AUTOS = YES_AGGRESSIVE;
				GCC_WARN_UNUSED_FUNCTION = YES;
				GCC_WARN_UNUSED_VARIABLE = YES;
				IPHONEOS_DEPLOYMENT_TARGET = 13.2;
				MTL_ENABLE_DEBUG_INFO = NO;
				MTL_FAST_MATH = YES;
				SDKROOT = iphoneos;
				SWIFT_COMPILATION_MODE = wholemodule;
				SWIFT_OPTIMIZATION_LEVEL = "-O";
				VALIDATE_PRODUCT = YES;
			};
			name = Release;
		};
		A609BDC923EDC4640090B408 /* Debug */ = {
			isa = XCBuildConfiguration;
			buildSettings = {
				ASSETCATALOG_COMPILER_APPICON_NAME = AppIcon;
				CODE_SIGN_STYLE = Automatic;
				DEVELOPMENT_TEAM = VW46WHVYZR;
				INFOPLIST_FILE = CallingApp/Info.plist;
				LD_RUNPATH_SEARCH_PATHS = (
					"$(inherited)",
					"@executable_path/Frameworks",
				);
				PRODUCT_BUNDLE_IDENTIFIER = AppLineup.CallingApp;
				PRODUCT_NAME = "$(TARGET_NAME)";
				SWIFT_VERSION = 5.0;
				TARGETED_DEVICE_FAMILY = "1,2";
			};
			name = Debug;
		};
		A609BDCA23EDC4640090B408 /* Release */ = {
			isa = XCBuildConfiguration;
			buildSettings = {
				ASSETCATALOG_COMPILER_APPICON_NAME = AppIcon;
				CODE_SIGN_STYLE = Automatic;
				DEVELOPMENT_TEAM = VW46WHVYZR;
				INFOPLIST_FILE = CallingApp/Info.plist;
				LD_RUNPATH_SEARCH_PATHS = (
					"$(inherited)",
					"@executable_path/Frameworks",
				);
				PRODUCT_BUNDLE_IDENTIFIER = AppLineup.CallingApp;
				PRODUCT_NAME = "$(TARGET_NAME)";
				SWIFT_VERSION = 5.0;
				TARGETED_DEVICE_FAMILY = "1,2";
			};
			name = Release;
		};
/* End XCBuildConfiguration section */

/* Begin XCConfigurationList section */
		A609BDAF23EDC4630090B408 /* Build configuration list for PBXProject "CallingApp" */ = {
			isa = XCConfigurationList;
			buildConfigurations = (
				A609BDC623EDC4640090B408 /* Debug */,
				A609BDC723EDC4640090B408 /* Release */,
			);
			defaultConfigurationIsVisible = 0;
			defaultConfigurationName = Release;
		};
		A609BDC823EDC4640090B408 /* Build configuration list for PBXNativeTarget "CallingApp" */ = {
			isa = XCConfigurationList;
			buildConfigurations = (
				A609BDC923EDC4640090B408 /* Debug */,
				A609BDCA23EDC4640090B408 /* Release */,
			);
			defaultConfigurationIsVisible = 0;
			defaultConfigurationName = Release;
		};
/* End XCConfigurationList section */
	};
	rootObject = A609BDAC23EDC4630090B408 /* Project object */;
}
